{
  "name": "main",
  "version": "1.0.0",
  "lockfileVersion": 2,
  "requires": true,
  "packages": {
    "": {
      "name": "main",
      "version": "1.0.0",
      "license": "ISC",
      "dependencies": {
        "dropdown-menu-trustpizza": "file:../dropdown-menu"
      }
    },
    "../dropdown-menu": {
      "name": "dropdown-menu-trustpizza",
      "version": "1.0.0",
      "license": "ISC"
    },
    "node_modules/dropdown-menu-trustpizza": {
      "resolved": "../dropdown-menu",
      "link": true
    }
  },
  "dependencies": {
    "dropdown-menu-trustpizza": {
      "version": "file:../dropdown-menu"
    }
  }
}
